<?xml version="1.0" encoding="utf-8"?>
<Project ToolsVersion="4.0" xmlns="http://schemas.microsoft.com/developer/msbuild/2003">
  <ItemGroup>
    <Filter Include="소스 파일">
      <UniqueIdentifier>{4FC737F1-C7A5-4376-A066-2A32D752A2FF}</UniqueIdentifier>
      <Extensions>cpp;c;cc;cxx;c++;cppm;ixx;def;odl;idl;hpj;bat;asm;asmx</Extensions>
    </Filter>
    <Filter Include="헤더 파일">
      <UniqueIdentifier>{93995380-89BD-4b04-88EB-625FBE52EBFB}</UniqueIdentifier>
      <Extensions>h;hh;hpp;hxx;h++;hm;inl;inc;ipp;xsd</Extensions>
    </Filter>
    <Filter Include="리소스 파일">
      <UniqueIdentifier>{67DA6AB6-F800-4c08-8B7A-83BB121AAD01}</UniqueIdentifier>
      <Extensions>rc;ico;cur;bmp;dlg;rc2;rct;bin;rgs;gif;jpg;jpeg;jpe;resx;tiff;tif;png;wav;mfcribbon-ms</Extensions>
    </Filter>
  </ItemGroup>
  <ItemGroup>
    <ClInclude Include="framework.h">
      <Filter>헤더 파일</Filter>
    </ClInclude>
    <ClInclude Include="targetver.h">
      <Filter>헤더 파일</Filter>
    </ClInclude>
    <ClInclude Include="Resource.h">
      <Filter>헤더 파일</Filter>
    </ClInclude>
    <ClInclude Include="Client.h">
      <Filter>헤더 파일</Filter>
    </ClInclude>
    <ClInclude Include="pch.h">
      <Filter>헤더 파일</Filter>
    </ClInclude>
    <ClInclude Include="00.Manager\MainManager.h">
      <Filter>헤더 파일</Filter>
    </ClInclude>
    <ClInclude Include="00.Manager\03.TimeManager\TimeManager.h">
      <Filter>헤더 파일</Filter>
    </ClInclude>
    <ClInclude Include="00.Manager\01.GameManager\GameManager.h">
      <Filter>헤더 파일</Filter>
    </ClInclude>
    <ClInclude Include="00.Manager\02.SceneManager\SceneManager.h">
      <Filter>헤더 파일</Filter>
    </ClInclude>
    <ClInclude Include="01.Object\00.Default\CObject.h">
      <Filter>헤더 파일</Filter>
    </ClInclude>
    <ClInclude Include="00.Manager\99.SingTonManager\SingTonManager.h">
      <Filter>헤더 파일</Filter>
    </ClInclude>
    <ClInclude Include="02.Component\Collider.h">
      <Filter>헤더 파일</Filter>
    </ClInclude>
    <ClInclude Include="02.Component\CoolTime.h">
      <Filter>헤더 파일</Filter>
    </ClInclude>
    <ClInclude Include="02.Component\Rigidbody.h">
      <Filter>헤더 파일</Filter>
    </ClInclude>
    <ClInclude Include="02.Component\SpriteRenderer.h">
      <Filter>헤더 파일</Filter>
    </ClInclude>
    <ClInclude Include="02.Component\State.h">
      <Filter>헤더 파일</Filter>
    </ClInclude>
    <ClInclude Include="02.Component\Transform.h">
      <Filter>헤더 파일</Filter>
    </ClInclude>
    <ClInclude Include="04.Header\Entity.h">
      <Filter>헤더 파일</Filter>
    </ClInclude>
    <ClInclude Include="04.Header\Extern.h">
      <Filter>헤더 파일</Filter>
    </ClInclude>
    <ClInclude Include="04.Header\Vector2.h">
      <Filter>헤더 파일</Filter>
    </ClInclude>
    <ClInclude Include="03.System\ComponentSystem.h">
      <Filter>헤더 파일</Filter>
    </ClInclude>
    <ClInclude Include="03.System\IDataProvider.h">
      <Filter>헤더 파일</Filter>
    </ClInclude>
    <ClInclude Include="03.System\05_State\StateSystem.h">
      <Filter>헤더 파일</Filter>
    </ClInclude>
    <ClInclude Include="03.System\06_CoolTime\CoolTimeSystem.h">
      <Filter>헤더 파일</Filter>
    </ClInclude>
    <ClInclude Include="03.System\04_Rigid\RigidbodySystem.h">
      <Filter>헤더 파일</Filter>
    </ClInclude>
    <ClInclude Include="03.System\02_Collider\ColliderSystem.h">
      <Filter>헤더 파일</Filter>
    </ClInclude>
    <ClInclude Include="03.System\00_Transform\TransformSystem.h">
      <Filter>헤더 파일</Filter>
    </ClInclude>
    <ClInclude Include="03.System\01_SpriteRenderer\SpriteRendererSystem.h">
      <Filter>헤더 파일</Filter>
    </ClInclude>
    <ClInclude Include="00.Manager\05.CollisionManager\CollisionManager.h">
      <Filter>헤더 파일</Filter>
    </ClInclude>
    <ClInclude Include="04.Header\Enum.h">
      <Filter>헤더 파일</Filter>
    </ClInclude>
    <ClInclude Include="00.Manager\04.InputManager\InputManager.h">
      <Filter>헤더 파일</Filter>
    </ClInclude>
    <ClInclude Include="00.Manager\98.GCManager\GCManager.h">
      <Filter>헤더 파일</Filter>
    </ClInclude>
    <ClInclude Include="00.Manager\06.ResourceManager\ResourceManager.h">
      <Filter>헤더 파일</Filter>
    </ClInclude>
    <ClInclude Include="01.Object\01.Player\CPlayer.h">
      <Filter>헤더 파일</Filter>
    </ClInclude>
    <ClInclude Include="03.System\IRenderer.h">
      <Filter>헤더 파일</Filter>
    </ClInclude>
  </ItemGroup>
  <ItemGroup>
    <ClCompile Include="Client.cpp">
      <Filter>소스 파일</Filter>
    </ClCompile>
    <ClCompile Include="pch.cpp">
      <Filter>소스 파일</Filter>
    </ClCompile>
    <ClCompile Include="00.Manager\MainManager.cpp">
      <Filter>소스 파일</Filter>
    </ClCompile>
    <ClCompile Include="00.Manager\03.TimeManager\TimeManager.cpp">
      <Filter>소스 파일</Filter>
    </ClCompile>
    <ClCompile Include="00.Manager\01.GameManager\GameManager.cpp">
      <Filter>소스 파일</Filter>
    </ClCompile>
    <ClCompile Include="00.Manager\02.SceneManager\SceneManager.cpp">
      <Filter>소스 파일</Filter>
    </ClCompile>
    <ClCompile Include="01.Object\00.Default\CObject.cpp">
      <Filter>소스 파일</Filter>
    </ClCompile>
    <ClCompile Include="03.System\ComponentSystem.cpp">
      <Filter>소스 파일</Filter>
    </ClCompile>
    <ClCompile Include="03.System\05_State\StateSystem.cpp">
      <Filter>소스 파일</Filter>
    </ClCompile>
    <ClCompile Include="03.System\06_CoolTime\CoolTimeSystem.cpp">
      <Filter>소스 파일</Filter>
    </ClCompile>
    <ClCompile Include="03.System\04_Rigid\RigidbodySystem.cpp">
      <Filter>소스 파일</Filter>
    </ClCompile>
    <ClCompile Include="03.System\02_Collider\ColliderSystem.cpp">
      <Filter>소스 파일</Filter>
    </ClCompile>
    <ClCompile Include="03.System\00_Transform\TransformSystem.cpp">
      <Filter>소스 파일</Filter>
    </ClCompile>
    <ClCompile Include="03.System\01_SpriteRenderer\SpriteRendererSystem.cpp">
      <Filter>소스 파일</Filter>
    </ClCompile>
    <ClCompile Include="00.Manager\05.CollisionManager\CollisionManager.cpp">
      <Filter>소스 파일</Filter>
    </ClCompile>
    <ClCompile Include="00.Manager\04.InputManager\InputManager.cpp">
      <Filter>소스 파일</Filter>
    </ClCompile>
    <ClCompile Include="00.Manager\98.GCManager\GCManager.cpp">
      <Filter>소스 파일</Filter>
    </ClCompile>
    <ClCompile Include="00.Manager\06.ResourceManager\ResourceManager.cpp">
      <Filter>소스 파일</Filter>
    </ClCompile>
    <ClCompile Include="01.Object\01.Player\CPlayer.cpp">
      <Filter>소스 파일</Filter>
    </ClCompile>
    <ClCompile Include="03.System\IRenderer.cpp">
      <Filter>소스 파일</Filter>
    </ClCompile>
  </ItemGroup>
  <ItemGroup>
    <ResourceCompile Include="WinApiShootingGame.rc">
      <Filter>리소스 파일</Filter>
    </ResourceCompile>
  </ItemGroup>
  <ItemGroup>
    <Image Include="small.ico">
      <Filter>리소스 파일</Filter>
    </Image>
    <Image Include="WinApiShootingGame.ico">
      <Filter>리소스 파일</Filter>
    </Image>
  </ItemGroup>
</Project>